
Microsoft Visual Studio Solution File, Format Version 12.00
# Visual Studio 15
VisualStudioVersion = 15.0.28307.645
MinimumVisualStudioVersion = 10.0.40219.1
Project("{888888A0-9F3D-457C-B088-3A5042F75D52}") = "reviewConor", "reviewConor\reviewConor.pyproj", "{37D52DBB-A8AC-453C-B3BC-DF83136C2805}"
EndProject
Global
	GlobalSection(SolutionConfigurationPlatforms) = preSolution
		Debug|Any CPU = Debug|Any CPU
		Release|Any CPU = Release|Any CPU
	EndGlobalSection
	GlobalSection(ProjectConfigurationPlatforms) = postSolution
		{37D52DBB-A8AC-453C-B3BC-DF83136C2805}.Debug|Any CPU.ActiveCfg = Debug|Any CPU
		{37D52DBB-A8AC-453C-B3BC-DF83136C2805}.Debug|Any CPU.Build.0 = Debug|Any CPU
		{37D52DBB-A8AC-453C-B3BC-DF83136C2805}.Release|Any CPU.ActiveCfg = Release|Any CPU
		{37D52DBB-A8AC-453C-B3BC-DF83136C2805}.Release|Any CPU.Build.0 = Release|Any CPU
	EndGlobalSection
	GlobalSection(SolutionProperties) = preSolution
		HideSolutionNode = FALSE
	EndGlobalSection
	GlobalSection(ExtensibilityGlobals) = postSolution
		SolutionGuid = {2EF89A19-AEE0-4CA2-B43F-7A81F8F595D3}
	EndGlobalSection
EndGlobal
